
Microsoft Visual Studio Solution File, Format Version 12.00
# Visual Studio Version 17
VisualStudioVersion = 17.13.35806.99
MinimumVisualStudioVersion = 10.0.40219.1
Project("{FAE04EC0-301F-11D3-BF4B-00C04F79EFBC}") = "лаба 1.2", "лаба 1.2.csproj", "{6FEDB9ED-F2D5-465A-B473-96B9B19EC1AA}"
EndProject
Project("{FAE04EC0-301F-11D3-BF4B-00C04F79EFBC}") = "лаба 1.2Tests", "..\лаба 1.2Tests\лаба 1.2Tests.csproj", "{62212AC9-39AE-4233-BCAD-6A69A4D7F17F}"
EndProject
Global
	GlobalSection(SolutionConfigurationPlatforms) = preSolution
		Debug|Any CPU = Debug|Any CPU
		Release|Any CPU = Release|Any CPU
	EndGlobalSection
	GlobalSection(ProjectConfigurationPlatforms) = postSolution
		{6FEDB9ED-F2D5-465A-B473-96B9B19EC1AA}.Debug|Any CPU.ActiveCfg = Debug|Any CPU
		{6FEDB9ED-F2D5-465A-B473-96B9B19EC1AA}.Debug|Any CPU.Build.0 = Debug|Any CPU
		{6FEDB9ED-F2D5-465A-B473-96B9B19EC1AA}.Release|Any CPU.ActiveCfg = Release|Any CPU
		{6FEDB9ED-F2D5-465A-B473-96B9B19EC1AA}.Release|Any CPU.Build.0 = Release|Any CPU
		{62212AC9-39AE-4233-BCAD-6A69A4D7F17F}.Debug|Any CPU.ActiveCfg = Debug|Any CPU
		{62212AC9-39AE-4233-BCAD-6A69A4D7F17F}.Debug|Any CPU.Build.0 = Debug|Any CPU
		{62212AC9-39AE-4233-BCAD-6A69A4D7F17F}.Release|Any CPU.ActiveCfg = Release|Any CPU
		{62212AC9-39AE-4233-BCAD-6A69A4D7F17F}.Release|Any CPU.Build.0 = Release|Any CPU
	EndGlobalSection
	GlobalSection(SolutionProperties) = preSolution
		HideSolutionNode = FALSE
	EndGlobalSection
	GlobalSection(ExtensibilityGlobals) = postSolution
		SolutionGuid = {AFCDE4D9-8D4B-499B-B210-A838525DC2C1}
	EndGlobalSection
EndGlobal
